// !$*UTF8*$!
{
	archiveVersion = 1;
	classes = {
	};
	objectVersion = 46;
	objects = {

/* Begin PBXBuildFile section */
		3001CEBB1D215DB8008E1F3C /* AppDelegate.swift in Sources */ = {isa = PBXBuildFile; fileRef = 3001CEBA1D215DB8008E1F3C /* AppDelegate.swift */; };
		3001CEBD1D215DB8008E1F3C /* ViewController.swift in Sources */ = {isa = PBXBuildFile; fileRef = 3001CEBC1D215DB8008E1F3C /* ViewController.swift */; };
		3001CEC01D215DB8008E1F3C /* Main.storyboard in Resources */ = {isa = PBXBuildFile; fileRef = 3001CEBE1D215DB8008E1F3C /* Main.storyboard */; };
		3001CEC21D215DB8008E1F3C /* Assets.xcassets in Resources */ = {isa = PBXBuildFile; fileRef = 3001CEC11D215DB8008E1F3C /* Assets.xcassets */; };
		3001CEC51D215DB8008E1F3C /* LaunchScreen.storyboard in Resources */ = {isa = PBXBuildFile; fileRef = 3001CEC31D215DB8008E1F3C /* LaunchScreen.storyboard */; };
		3001CED01D215DB8008E1F3C /* RxSwiftSampleTests.swift in Sources */ = {isa = PBXBuildFile; fileRef = 3001CECF1D215DB8008E1F3C /* RxSwiftSampleTests.swift */; };
		3001CEDB1D215DB8008E1F3C /* RxSwiftSampleUITests.swift in Sources */ = {isa = PBXBuildFile; fileRef = 3001CEDA1D215DB8008E1F3C /* RxSwiftSampleUITests.swift */; };
		3001CEE91D21656D008E1F3C /* Sample.storyboard in Resources */ = {isa = PBXBuildFile; fileRef = 3001CEE81D21656C008E1F3C /* Sample.storyboard */; };
		302701061D2262F00008ADF0 /* KonamiCommandViewController.swift in Sources */ = {isa = PBXBuildFile; fileRef = 302701051D2262F00008ADF0 /* KonamiCommandViewController.swift */; };
		3027010B1D2263AD0008ADF0 /* KonamiCommandViewModel.swift in Sources */ = {isa = PBXBuildFile; fileRef = 3027010A1D2263AD0008ADF0 /* KonamiCommandViewModel.swift */; };
		3027010F1D235A300008ADF0 /* KeyAction.swift in Sources */ = {isa = PBXBuildFile; fileRef = 3027010E1D235A300008ADF0 /* KeyAction.swift */; };
		302701111D235A880008ADF0 /* KeyState.swift in Sources */ = {isa = PBXBuildFile; fileRef = 302701101D235A880008ADF0 /* KeyState.swift */; };
		304CA5081D23FCFE00F586CF /* ButtonTapViewController.swift in Sources */ = {isa = PBXBuildFile; fileRef = 304CA5071D23FCFE00F586CF /* ButtonTapViewController.swift */; };
		41698F4E4AB70DABB5D22671 /* Pods_RxSwiftSample_RxSwiftSampleTests.framework in Frameworks */ = {isa = PBXBuildFile; fileRef = 46368989FA10FFE192C836BE /* Pods_RxSwiftSample_RxSwiftSampleTests.framework */; };
		686B6B842974D70DB71691FB /* Pods_RxSwiftSample_RxSwiftSampleUITests.framework in Frameworks */ = {isa = PBXBuildFile; fileRef = B0A3C880B206DBC05F07489A /* Pods_RxSwiftSample_RxSwiftSampleUITests.framework */; };
		B1E6E5FF7D460AD53275E996 /* Pods_RxSwiftSample.framework in Frameworks */ = {isa = PBXBuildFile; fileRef = EC69FF62EF17B58FEC6ECDE1 /* Pods_RxSwiftSample.framework */; };
/* End PBXBuildFile section */

/* Begin PBXContainerItemProxy section */
		3001CECC1D215DB8008E1F3C /* PBXContainerItemProxy */ = {
			isa = PBXContainerItemProxy;
			containerPortal = 3001CEAF1D215DB8008E1F3C /* Project object */;
			proxyType = 1;
			remoteGlobalIDString = 3001CEB61D215DB8008E1F3C;
			remoteInfo = RxSwiftSample;
		};
		3001CED71D215DB8008E1F3C /* PBXContainerItemProxy */ = {
			isa = PBXContainerItemProxy;
			containerPortal = 3001CEAF1D215DB8008E1F3C /* Project object */;
			proxyType = 1;
			remoteGlobalIDString = 3001CEB61D215DB8008E1F3C;
			remoteInfo = RxSwiftSample;
		};
/* End PBXContainerItemProxy section */

/* Begin PBXFileReference section */
		14B821B46FE27E98F90E813E /* Pods-RxSwiftSample-RxSwiftSampleTests.debug.xcconfig */ = {isa = PBXFileReference; includeInIndex = 1; lastKnownFileType = text.xcconfig; name = "Pods-RxSwiftSample-RxSwiftSampleTests.debug.xcconfig"; path = "Pods/Target Support Files/Pods-RxSwiftSample-RxSwiftSampleTests/Pods-RxSwiftSample-RxSwiftSampleTests.debug.xcconfig"; sourceTree = "<group>"; };
		3001CEB71D215DB8008E1F3C /* RxSwiftSample.app */ = {isa = PBXFileReference; explicitFileType = wrapper.application; includeInIndex = 0; path = RxSwiftSample.app; sourceTree = BUILT_PRODUCTS_DIR; };
		3001CEBA1D215DB8008E1F3C /* AppDelegate.swift */ = {isa = PBXFileReference; lastKnownFileType = sourcecode.swift; path = AppDelegate.swift; sourceTree = "<group>"; };
		3001CEBC1D215DB8008E1F3C /* ViewController.swift */ = {isa = PBXFileReference; lastKnownFileType = sourcecode.swift; path = ViewController.swift; sourceTree = "<group>"; };
		3001CEBF1D215DB8008E1F3C /* Base */ = {isa = PBXFileReference; lastKnownFileType = file.storyboard; name = Base; path = Base.lproj/Main.storyboard; sourceTree = "<group>"; };
		3001CEC11D215DB8008E1F3C /* Assets.xcassets */ = {isa = PBXFileReference; lastKnownFileType = folder.assetcatalog; path = Assets.xcassets; sourceTree = "<group>"; };
		3001CEC41D215DB8008E1F3C /* Base */ = {isa = PBXFileReference; lastKnownFileType = file.storyboard; name = Base; path = Base.lproj/LaunchScreen.storyboard; sourceTree = "<group>"; };
		3001CEC61D215DB8008E1F3C /* Info.plist */ = {isa = PBXFileReference; lastKnownFileType = text.plist.xml; path = Info.plist; sourceTree = "<group>"; };
		3001CECB1D215DB8008E1F3C /* RxSwiftSampleTests.xctest */ = {isa = PBXFileReference; explicitFileType = wrapper.cfbundle; includeInIndex = 0; path = RxSwiftSampleTests.xctest; sourceTree = BUILT_PRODUCTS_DIR; };
		3001CECF1D215DB8008E1F3C /* RxSwiftSampleTests.swift */ = {isa = PBXFileReference; lastKnownFileType = sourcecode.swift; path = RxSwiftSampleTests.swift; sourceTree = "<group>"; };
		3001CED11D215DB8008E1F3C /* Info.plist */ = {isa = PBXFileReference; lastKnownFileType = text.plist.xml; path = Info.plist; sourceTree = "<group>"; };
		3001CED61D215DB8008E1F3C /* RxSwiftSampleUITests.xctest */ = {isa = PBXFileReference; explicitFileType = wrapper.cfbundle; includeInIndex = 0; path = RxSwiftSampleUITests.xctest; sourceTree = BUILT_PRODUCTS_DIR; };
		3001CEDA1D215DB8008E1F3C /* RxSwiftSampleUITests.swift */ = {isa = PBXFileReference; lastKnownFileType = sourcecode.swift; path = RxSwiftSampleUITests.swift; sourceTree = "<group>"; };
		3001CEDC1D215DB8008E1F3C /* Info.plist */ = {isa = PBXFileReference; lastKnownFileType = text.plist.xml; path = Info.plist; sourceTree = "<group>"; };
		3001CEE81D21656C008E1F3C /* Sample.storyboard */ = {isa = PBXFileReference; fileEncoding = 4; lastKnownFileType = file.storyboard; path = Sample.storyboard; sourceTree = "<group>"; };
		302701051D2262F00008ADF0 /* KonamiCommandViewController.swift */ = {isa = PBXFileReference; fileEncoding = 4; lastKnownFileType = sourcecode.swift; path = KonamiCommandViewController.swift; sourceTree = "<group>"; };
		3027010A1D2263AD0008ADF0 /* KonamiCommandViewModel.swift */ = {isa = PBXFileReference; fileEncoding = 4; lastKnownFileType = sourcecode.swift; path = KonamiCommandViewModel.swift; sourceTree = "<group>"; };
		3027010E1D235A300008ADF0 /* KeyAction.swift */ = {isa = PBXFileReference; fileEncoding = 4; lastKnownFileType = sourcecode.swift; path = KeyAction.swift; sourceTree = "<group>"; };
		302701101D235A880008ADF0 /* KeyState.swift */ = {isa = PBXFileReference; fileEncoding = 4; lastKnownFileType = sourcecode.swift; path = KeyState.swift; sourceTree = "<group>"; };
		304CA5071D23FCFE00F586CF /* ButtonTapViewController.swift */ = {isa = PBXFileReference; fileEncoding = 4; lastKnownFileType = sourcecode.swift; path = ButtonTapViewController.swift; sourceTree = "<group>"; };
		4195591184B32DB656883D55 /* Pods-RxSwiftSample-RxSwiftSampleTests.release.xcconfig */ = {isa = PBXFileReference; includeInIndex = 1; lastKnownFileType = text.xcconfig; name = "Pods-RxSwiftSample-RxSwiftSampleTests.release.xcconfig"; path = "Pods/Target Support Files/Pods-RxSwiftSample-RxSwiftSampleTests/Pods-RxSwiftSample-RxSwiftSampleTests.release.xcconfig"; sourceTree = "<group>"; };
		46368989FA10FFE192C836BE /* Pods_RxSwiftSample_RxSwiftSampleTests.framework */ = {isa = PBXFileReference; explicitFileType = wrapper.framework; includeInIndex = 0; path = Pods_RxSwiftSample_RxSwiftSampleTests.framework; sourceTree = BUILT_PRODUCTS_DIR; };
		4B794171AA8C2507C95ADC24 /* Pods-RxSwiftSample.release.xcconfig */ = {isa = PBXFileReference; includeInIndex = 1; lastKnownFileType = text.xcconfig; name = "Pods-RxSwiftSample.release.xcconfig"; path = "Pods/Target Support Files/Pods-RxSwiftSample/Pods-RxSwiftSample.release.xcconfig"; sourceTree = "<group>"; };
		78B5A74C0D651B21C996D3BB /* Pods-RxSwiftSample-RxSwiftSampleUITests.release.xcconfig */ = {isa = PBXFileReference; includeInIndex = 1; lastKnownFileType = text.xcconfig; name = "Pods-RxSwiftSample-RxSwiftSampleUITests.release.xcconfig"; path = "Pods/Target Support Files/Pods-RxSwiftSample-RxSwiftSampleUITests/Pods-RxSwiftSample-RxSwiftSampleUITests.release.xcconfig"; sourceTree = "<group>"; };
		88733DE63A68AF373CAD3743 /* Pods-RxSwiftSample-RxSwiftSampleUITests.debug.xcconfig */ = {isa = PBXFileReference; includeInIndex = 1; lastKnownFileType = text.xcconfig; name = "Pods-RxSwiftSample-RxSwiftSampleUITests.debug.xcconfig"; path = "Pods/Target Support Files/Pods-RxSwiftSample-RxSwiftSampleUITests/Pods-RxSwiftSample-RxSwiftSampleUITests.debug.xcconfig"; sourceTree = "<group>"; };
		B0A3C880B206DBC05F07489A /* Pods_RxSwiftSample_RxSwiftSampleUITests.framework */ = {isa = PBXFileReference; explicitFileType = wrapper.framework; includeInIndex = 0; path = Pods_RxSwiftSample_RxSwiftSampleUITests.framework; sourceTree = BUILT_PRODUCTS_DIR; };
		EC69FF62EF17B58FEC6ECDE1 /* Pods_RxSwiftSample.framework */ = {isa = PBXFileReference; explicitFileType = wrapper.framework; includeInIndex = 0; path = Pods_RxSwiftSample.framework; sourceTree = BUILT_PRODUCTS_DIR; };
		F3CFFA788D80C50F96EA0D90 /* Pods-RxSwiftSample.debug.xcconfig */ = {isa = PBXFileReference; includeInIndex = 1; lastKnownFileType = text.xcconfig; name = "Pods-RxSwiftSample.debug.xcconfig"; path = "Pods/Target Support Files/Pods-RxSwiftSample/Pods-RxSwiftSample.debug.xcconfig"; sourceTree = "<group>"; };
/* End PBXFileReference section */

/* Begin PBXFrameworksBuildPhase section */
		3001CEB41D215DB8008E1F3C /* Frameworks */ = {
			isa = PBXFrameworksBuildPhase;
			buildActionMask = 2147483647;
			files = (
				B1E6E5FF7D460AD53275E996 /* Pods_RxSwiftSample.framework in Frameworks */,
			);
			runOnlyForDeploymentPostprocessing = 0;
		};
		3001CEC81D215DB8008E1F3C /* Frameworks */ = {
			isa = PBXFrameworksBuildPhase;
			buildActionMask = 2147483647;
			files = (
				41698F4E4AB70DABB5D22671 /* Pods_RxSwiftSample_RxSwiftSampleTests.framework in Frameworks */,
			);
			runOnlyForDeploymentPostprocessing = 0;
		};
		3001CED31D215DB8008E1F3C /* Frameworks */ = {
			isa = PBXFrameworksBuildPhase;
			buildActionMask = 2147483647;
			files = (
				686B6B842974D70DB71691FB /* Pods_RxSwiftSample_RxSwiftSampleUITests.framework in Frameworks */,
			);
			runOnlyForDeploymentPostprocessing = 0;
		};
/* End PBXFrameworksBuildPhase section */

/* Begin PBXGroup section */
		035B92E9AEA8ADCC8B89C125 /* Pods */ = {
			isa = PBXGroup;
			children = (
				F3CFFA788D80C50F96EA0D90 /* Pods-RxSwiftSample.debug.xcconfig */,
				4B794171AA8C2507C95ADC24 /* Pods-RxSwiftSample.release.xcconfig */,
				14B821B46FE27E98F90E813E /* Pods-RxSwiftSample-RxSwiftSampleTests.debug.xcconfig */,
				4195591184B32DB656883D55 /* Pods-RxSwiftSample-RxSwiftSampleTests.release.xcconfig */,
				88733DE63A68AF373CAD3743 /* Pods-RxSwiftSample-RxSwiftSampleUITests.debug.xcconfig */,
				78B5A74C0D651B21C996D3BB /* Pods-RxSwiftSample-RxSwiftSampleUITests.release.xcconfig */,
			);
			name = Pods;
			sourceTree = "<group>";
		};
		3001CEAE1D215DB8008E1F3C = {
			isa = PBXGroup;
			children = (
				3001CEB91D215DB8008E1F3C /* RxSwiftSample */,
				3001CECE1D215DB8008E1F3C /* RxSwiftSampleTests */,
				3001CED91D215DB8008E1F3C /* RxSwiftSampleUITests */,
				3001CEB81D215DB8008E1F3C /* Products */,
				035B92E9AEA8ADCC8B89C125 /* Pods */,
				D8A7FE74D7B60A5F744B3141 /* Frameworks */,
			);
			sourceTree = "<group>";
		};
		3001CEB81D215DB8008E1F3C /* Products */ = {
			isa = PBXGroup;
			children = (
				3001CEB71D215DB8008E1F3C /* RxSwiftSample.app */,
				3001CECB1D215DB8008E1F3C /* RxSwiftSampleTests.xctest */,
				3001CED61D215DB8008E1F3C /* RxSwiftSampleUITests.xctest */,
			);
			name = Products;
			sourceTree = "<group>";
		};
		3001CEB91D215DB8008E1F3C /* RxSwiftSample */ = {
			isa = PBXGroup;
			children = (
				3027010D1D235A170008ADF0 /* Model */,
				302701091D22639D0008ADF0 /* ViewModel */,
				302701081D2262FC0008ADF0 /* Storyboard */,
				302701071D2262F30008ADF0 /* ViewController */,
				3001CEBA1D215DB8008E1F3C /* AppDelegate.swift */,
				3001CEC11D215DB8008E1F3C /* Assets.xcassets */,
				3001CEC61D215DB8008E1F3C /* Info.plist */,
			);
			path = RxSwiftSample;
			sourceTree = "<group>";
		};
		3001CECE1D215DB8008E1F3C /* RxSwiftSampleTests */ = {
			isa = PBXGroup;
			children = (
				3001CECF1D215DB8008E1F3C /* RxSwiftSampleTests.swift */,
				3001CED11D215DB8008E1F3C /* Info.plist */,
			);
			path = RxSwiftSampleTests;
			sourceTree = "<group>";
		};
		3001CED91D215DB8008E1F3C /* RxSwiftSampleUITests */ = {
			isa = PBXGroup;
			children = (
				3001CEDA1D215DB8008E1F3C /* RxSwiftSampleUITests.swift */,
				3001CEDC1D215DB8008E1F3C /* Info.plist */,
			);
			path = RxSwiftSampleUITests;
			sourceTree = "<group>";
		};
		302701071D2262F30008ADF0 /* ViewController */ = {
			isa = PBXGroup;
			children = (
				3001CEBC1D215DB8008E1F3C /* ViewController.swift */,
				302701051D2262F00008ADF0 /* KonamiCommandViewController.swift */,
				304CA5071D23FCFE00F586CF /* ButtonTapViewController.swift */,
			);
			name = ViewController;
			sourceTree = "<group>";
		};
		302701081D2262FC0008ADF0 /* Storyboard */ = {
			isa = PBXGroup;
			children = (
				3001CEC31D215DB8008E1F3C /* LaunchScreen.storyboard */,
				3001CEBE1D215DB8008E1F3C /* Main.storyboard */,
				3001CEE81D21656C008E1F3C /* Sample.storyboard */,
			);
			name = Storyboard;
			sourceTree = "<group>";
		};
		302701091D22639D0008ADF0 /* ViewModel */ = {
			isa = PBXGroup;
			children = (
				3027010A1D2263AD0008ADF0 /* KonamiCommandViewModel.swift */,
			);
			name = ViewModel;
			sourceTree = "<group>";
		};
		3027010D1D235A170008ADF0 /* Model */ = {
			isa = PBXGroup;
			children = (
				3027010E1D235A300008ADF0 /* KeyAction.swift */,
				302701101D235A880008ADF0 /* KeyState.swift */,
			);
			name = Model;
			sourceTree = "<group>";
		};
		D8A7FE74D7B60A5F744B3141 /* Frameworks */ = {
			isa = PBXGroup;
			children = (
				EC69FF62EF17B58FEC6ECDE1 /* Pods_RxSwiftSample.framework */,
				46368989FA10FFE192C836BE /* Pods_RxSwiftSample_RxSwiftSampleTests.framework */,
				B0A3C880B206DBC05F07489A /* Pods_RxSwiftSample_RxSwiftSampleUITests.framework */,
			);
			name = Frameworks;
			sourceTree = "<group>";
		};
/* End PBXGroup section */

/* Begin PBXNativeTarget section */
		3001CEB61D215DB8008E1F3C /* RxSwiftSample */ = {
			isa = PBXNativeTarget;
			buildConfigurationList = 3001CEDF1D215DB8008E1F3C /* Build configuration list for PBXNativeTarget "RxSwiftSample" */;
			buildPhases = (
				7F0F6490423432155BC63729 /* 📦 Check Pods Manifest.lock */,
				3001CEB31D215DB8008E1F3C /* Sources */,
				3001CEB41D215DB8008E1F3C /* Frameworks */,
				3001CEB51D215DB8008E1F3C /* Resources */,
				900E485B60368C09F2B5FBD8 /* 📦 Embed Pods Frameworks */,
				0B4268627209EF74C1581D1C /* 📦 Copy Pods Resources */,
			);
			buildRules = (
			);
			dependencies = (
			);
			name = RxSwiftSample;
			productName = RxSwiftSample;
			productReference = 3001CEB71D215DB8008E1F3C /* RxSwiftSample.app */;
			productType = "com.apple.product-type.application";
		};
		3001CECA1D215DB8008E1F3C /* RxSwiftSampleTests */ = {
			isa = PBXNativeTarget;
			buildConfigurationList = 3001CEE21D215DB8008E1F3C /* Build configuration list for PBXNativeTarget "RxSwiftSampleTests" */;
			buildPhases = (
				B3A3230DA4BCCDEC7D6B4BD2 /* 📦 Check Pods Manifest.lock */,
				3001CEC71D215DB8008E1F3C /* Sources */,
				3001CEC81D215DB8008E1F3C /* Frameworks */,
				3001CEC91D215DB8008E1F3C /* Resources */,
				1EA8CAC5F07709205A6CEF4E /* 📦 Embed Pods Frameworks */,
				C97F7C0B212914BC059349C4 /* 📦 Copy Pods Resources */,
			);
			buildRules = (
			);
			dependencies = (
				3001CECD1D215DB8008E1F3C /* PBXTargetDependency */,
			);
			name = RxSwiftSampleTests;
			productName = RxSwiftSampleTests;
			productReference = 3001CECB1D215DB8008E1F3C /* RxSwiftSampleTests.xctest */;
			productType = "com.apple.product-type.bundle.unit-test";
		};
		3001CED51D215DB8008E1F3C /* RxSwiftSampleUITests */ = {
			isa = PBXNativeTarget;
			buildConfigurationList = 3001CEE51D215DB8008E1F3C /* Build configuration list for PBXNativeTarget "RxSwiftSampleUITests" */;
			buildPhases = (
				A5BE6993B0C339E2A43A636A /* 📦 Check Pods Manifest.lock */,
				3001CED21D215DB8008E1F3C /* Sources */,
				3001CED31D215DB8008E1F3C /* Frameworks */,
				3001CED41D215DB8008E1F3C /* Resources */,
				98D4B5C7F75BCD5E88C8648F /* 📦 Copy Pods Resources */,
			);
			buildRules = (
			);
			dependencies = (
				3001CED81D215DB8008E1F3C /* PBXTargetDependency */,
			);
			name = RxSwiftSampleUITests;
			productName = RxSwiftSampleUITests;
			productReference = 3001CED61D215DB8008E1F3C /* RxSwiftSampleUITests.xctest */;
			productType = "com.apple.product-type.bundle.ui-testing";
		};
/* End PBXNativeTarget section */

/* Begin PBXProject section */
		3001CEAF1D215DB8008E1F3C /* Project object */ = {
			isa = PBXProject;
			attributes = {
				LastSwiftUpdateCheck = 0730;
				LastUpgradeCheck = 0730;
				ORGANIZATIONNAME = satoutakeshi;
				TargetAttributes = {
					3001CEB61D215DB8008E1F3C = {
						CreatedOnToolsVersion = 7.3.1;
					};
					3001CECA1D215DB8008E1F3C = {
						CreatedOnToolsVersion = 7.3.1;
						TestTargetID = 3001CEB61D215DB8008E1F3C;
					};
					3001CED51D215DB8008E1F3C = {
						CreatedOnToolsVersion = 7.3.1;
						TestTargetID = 3001CEB61D215DB8008E1F3C;
					};
				};
			};
			buildConfigurationList = 3001CEB21D215DB8008E1F3C /* Build configuration list for PBXProject "RxSwiftSample" */;
			compatibilityVersion = "Xcode 3.2";
			developmentRegion = English;
			hasScannedForEncodings = 0;
			knownRegions = (
				en,
				Base,
			);
			mainGroup = 3001CEAE1D215DB8008E1F3C;
			productRefGroup = 3001CEB81D215DB8008E1F3C /* Products */;
			projectDirPath = "";
			projectRoot = "";
			targets = (
				3001CEB61D215DB8008E1F3C /* RxSwiftSample */,
				3001CECA1D215DB8008E1F3C /* RxSwiftSampleTests */,
				3001CED51D215DB8008E1F3C /* RxSwiftSampleUITests */,
			);
		};
/* End PBXProject section */

/* Begin PBXResourcesBuildPhase section */
		3001CEB51D215DB8008E1F3C /* Resources */ = {
			isa = PBXResourcesBuildPhase;
			buildActionMask = 2147483647;
			files = (
				3001CEC51D215DB8008E1F3C /* LaunchScreen.storyboard in Resources */,
				3001CEC21D215DB8008E1F3C /* Assets.xcassets in Resources */,
				3001CEE91D21656D008E1F3C /* Sample.storyboard in Resources */,
				3001CEC01D215DB8008E1F3C /* Main.storyboard in Resources */,
			);
			runOnlyForDeploymentPostprocessing = 0;
		};
		3001CEC91D215DB8008E1F3C /* Resources */ = {
			isa = PBXResourcesBuildPhase;
			buildActionMask = 2147483647;
			files = (
			);
			runOnlyForDeploymentPostprocessing = 0;
		};
		3001CED41D215DB8008E1F3C /* Resources */ = {
			isa = PBXResourcesBuildPhase;
			buildActionMask = 2147483647;
			files = (
			);
			runOnlyForDeploymentPostprocessing = 0;
		};
/* End PBXResourcesBuildPhase section */

/* Begin PBXShellScriptBuildPhase section */
		0B4268627209EF74C1581D1C /* 📦 Copy Pods Resources */ = {
			isa = PBXShellScriptBuildPhase;
			buildActionMask = 2147483647;
			files = (
			);
			inputPaths = (
			);
			name = "📦 Copy Pods Resources";
			outputPaths = (
			);
			runOnlyForDeploymentPostprocessing = 0;
			shellPath = /bin/sh;
			shellScript = "\"${SRCROOT}/Pods/Target Support Files/Pods-RxSwiftSample/Pods-RxSwiftSample-resources.sh\"\n";
			showEnvVarsInLog = 0;
		};
		1EA8CAC5F07709205A6CEF4E /* 📦 Embed Pods Frameworks */ = {
			isa = PBXShellScriptBuildPhase;
			buildActionMask = 2147483647;
			files = (
			);
			inputPaths = (
			);
			name = "📦 Embed Pods Frameworks";
			outputPaths = (
			);
			runOnlyForDeploymentPostprocessing = 0;
			shellPath = /bin/sh;
			shellScript = "\"${SRCROOT}/Pods/Target Support Files/Pods-RxSwiftSample-RxSwiftSampleTests/Pods-RxSwiftSample-RxSwiftSampleTests-frameworks.sh\"\n";
			showEnvVarsInLog = 0;
		};
		7F0F6490423432155BC63729 /* 📦 Check Pods Manifest.lock */ = {
			isa = PBXShellScriptBuildPhase;
			buildActionMask = 2147483647;
			files = (
			);
			inputPaths = (
			);
			name = "📦 Check Pods Manifest.lock";
			outputPaths = (
			);
			runOnlyForDeploymentPostprocessing = 0;
			shellPath = /bin/sh;
			shellScript = "diff \"${PODS_ROOT}/../Podfile.lock\" \"${PODS_ROOT}/Manifest.lock\" > /dev/null\nif [[ $? != 0 ]] ; then\n    cat << EOM\nerror: The sandbox is not in sync with the Podfile.lock. Run 'pod install' or update your CocoaPods installation.\nEOM\n    exit 1\nfi\n";
			showEnvVarsInLog = 0;
		};
		900E485B60368C09F2B5FBD8 /* 📦 Embed Pods Frameworks */ = {
			isa = PBXShellScriptBuildPhase;
			buildActionMask = 2147483647;
			files = (
			);
			inputPaths = (
			);
			name = "📦 Embed Pods Frameworks";
			outputPaths = (
			);
			runOnlyForDeploymentPostprocessing = 0;
			shellPath = /bin/sh;
			shellScript = "\"${SRCROOT}/Pods/Target Support Files/Pods-RxSwiftSample/Pods-RxSwiftSample-frameworks.sh\"\n";
			showEnvVarsInLog = 0;
		};
		98D4B5C7F75BCD5E88C8648F /* 📦 Copy Pods Resources */ = {
			isa = PBXShellScriptBuildPhase;
			buildActionMask = 2147483647;
			files = (
			);
			inputPaths = (
			);
			name = "📦 Copy Pods Resources";
			outputPaths = (
			);
			runOnlyForDeploymentPostprocessing = 0;
			shellPath = /bin/sh;
			shellScript = "\"${SRCROOT}/Pods/Target Support Files/Pods-RxSwiftSample-RxSwiftSampleUITests/Pods-RxSwiftSample-RxSwiftSampleUITests-resources.sh\"\n";
			showEnvVarsInLog = 0;
		};
		A5BE6993B0C339E2A43A636A /* 📦 Check Pods Manifest.lock */ = {
			isa = PBXShellScriptBuildPhase;
			buildActionMask = 2147483647;
			files = (
			);
			inputPaths = (
			);
			name = "📦 Check Pods Manifest.lock";
			outputPaths = (
			);
			runOnlyForDeploymentPostprocessing = 0;
			shellPath = /bin/sh;
			shellScript = "diff \"${PODS_ROOT}/../Podfile.lock\" \"${PODS_ROOT}/Manifest.lock\" > /dev/null\nif [[ $? != 0 ]] ; then\n    cat << EOM\nerror: The sandbox is not in sync with the Podfile.lock. Run 'pod install' or update your CocoaPods installation.\nEOM\n    exit 1\nfi\n";
			showEnvVarsInLog = 0;
		};
		B3A3230DA4BCCDEC7D6B4BD2 /* 📦 Check Pods Manifest.lock */ = {
			isa = PBXShellScriptBuildPhase;
			buildActionMask = 2147483647;
			files = (
			);
			inputPaths = (
			);
			name = "📦 Check Pods Manifest.lock";
			outputPaths = (
			);
			runOnlyForDeploymentPostprocessing = 0;
			shellPath = /bin/sh;
			shellScript = "diff \"${PODS_ROOT}/../Podfile.lock\" \"${PODS_ROOT}/Manifest.lock\" > /dev/null\nif [[ $? != 0 ]] ; then\n    cat << EOM\nerror: The sandbox is not in sync with the Podfile.lock. Run 'pod install' or update your CocoaPods installation.\nEOM\n    exit 1\nfi\n";
			showEnvVarsInLog = 0;
		};
		C97F7C0B212914BC059349C4 /* 📦 Copy Pods Resources */ = {
			isa = PBXShellScriptBuildPhase;
			buildActionMask = 2147483647;
			files = (
			);
			inputPaths = (
			);
			name = "📦 Copy Pods Resources";
			outputPaths = (
			);
			runOnlyForDeploymentPostprocessing = 0;
			shellPath = /bin/sh;
			shellScript = "\"${SRCROOT}/Pods/Target Support Files/Pods-RxSwiftSample-RxSwiftSampleTests/Pods-RxSwiftSample-RxSwiftSampleTests-resources.sh\"\n";
			showEnvVarsInLog = 0;
		};
/* End PBXShellScriptBuildPhase section */

/* Begin PBXSourcesBuildPhase section */
		3001CEB31D215DB8008E1F3C /* Sources */ = {
			isa = PBXSourcesBuildPhase;
			buildActionMask = 2147483647;
			files = (
				3001CEBD1D215DB8008E1F3C /* ViewController.swift in Sources */,
				302701111D235A880008ADF0 /* KeyState.swift in Sources */,
				3027010B1D2263AD0008ADF0 /* KonamiCommandViewModel.swift in Sources */,
				3027010F1D235A300008ADF0 /* KeyAction.swift in Sources */,
				304CA5081D23FCFE00F586CF /* ButtonTapViewController.swift in Sources */,
				3001CEBB1D215DB8008E1F3C /* AppDelegate.swift in Sources */,
				302701061D2262F00008ADF0 /* KonamiCommandViewController.swift in Sources */,
			);
			runOnlyForDeploymentPostprocessing = 0;
		};
		3001CEC71D215DB8008E1F3C /* Sources */ = {
			isa = PBXSourcesBuildPhase;
			buildActionMask = 2147483647;
			files = (
				3001CED01D215DB8008E1F3C /* RxSwiftSampleTests.swift in Sources */,
			);
			runOnlyForDeploymentPostprocessing = 0;
		};
		3001CED21D215DB8008E1F3C /* Sources */ = {
			isa = PBXSourcesBuildPhase;
			buildActionMask = 2147483647;
			files = (
				3001CEDB1D215DB8008E1F3C /* RxSwiftSampleUITests.swift in Sources */,
			);
			runOnlyForDeploymentPostprocessing = 0;
		};
/* End PBXSourcesBuildPhase section */

/* Begin PBXTargetDependency section */
		3001CECD1D215DB8008E1F3C /* PBXTargetDependency */ = {
			isa = PBXTargetDependency;
			target = 3001CEB61D215DB8008E1F3C /* RxSwiftSample */;
			targetProxy = 3001CECC1D215DB8008E1F3C /* PBXContainerItemProxy */;
		};
		3001CED81D215DB8008E1F3C /* PBXTargetDependency */ = {
			isa = PBXTargetDependency;
			target = 3001CEB61D215DB8008E1F3C /* RxSwiftSample */;
			targetProxy = 3001CED71D215DB8008E1F3C /* PBXContainerItemProxy */;
		};
/* End PBXTargetDependency section */

/* Begin PBXVariantGroup section */
		3001CEBE1D215DB8008E1F3C /* Main.storyboard */ = {
			isa = PBXVariantGroup;
			children = (
				3001CEBF1D215DB8008E1F3C /* Base */,
			);
			name = Main.storyboard;
			sourceTree = "<group>";
		};
		3001CEC31D215DB8008E1F3C /* LaunchScreen.storyboard */ = {
			isa = PBXVariantGroup;
			children = (
				3001CEC41D215DB8008E1F3C /* Base */,
			);
			name = LaunchScreen.storyboard;
			sourceTree = "<group>";
		};
/* End PBXVariantGroup section */

/* Begin XCBuildConfiguration section */
		3001CEDD1D215DB8008E1F3C /* Debug */ = {
			isa = XCBuildConfiguration;
			buildSettings = {
				ALWAYS_SEARCH_USER_PATHS = NO;
				CLANG_ANALYZER_NONNULL = YES;
				CLANG_CXX_LANGUAGE_STANDARD = "gnu++0x";
				CLANG_CXX_LIBRARY = "libc++";
				CLANG_ENABLE_MODULES = YES;
				CLANG_ENABLE_OBJC_ARC = YES;
				CLANG_WARN_BOOL_CONVERSION = YES;
				CLANG_WARN_CONSTANT_CONVERSION = YES;
				CLANG_WARN_DIRECT_OBJC_ISA_USAGE = YES_ERROR;
				CLANG_WARN_EMPTY_BODY = YES;
				CLANG_WARN_ENUM_CONVERSION = YES;
				CLANG_WARN_INT_CONVERSION = YES;
				CLANG_WARN_OBJC_ROOT_CLASS = YES_ERROR;
				CLANG_WARN_UNREACHABLE_CODE = YES;
				CLANG_WARN__DUPLICATE_METHOD_MATCH = YES;
				"CODE_SIGN_IDENTITY[sdk=iphoneos*]" = "iPhone Developer";
				COPY_PHASE_STRIP = NO;
				DEBUG_INFORMATION_FORMAT = dwarf;
				ENABLE_STRICT_OBJC_MSGSEND = YES;
				ENABLE_TESTABILITY = YES;
				GCC_C_LANGUAGE_STANDARD = gnu99;
				GCC_DYNAMIC_NO_PIC = NO;
				GCC_NO_COMMON_BLOCKS = YES;
				GCC_OPTIMIZATION_LEVEL = 0;
				GCC_PREPROCESSOR_DEFINITIONS = (
					"DEBUG=1",
					"$(inherited)",
				);
				GCC_WARN_64_TO_32_BIT_CONVERSION = YES;
				GCC_WARN_ABOUT_RETURN_TYPE = YES_ERROR;
				GCC_WARN_UNDECLARED_SELECTOR = YES;
				GCC_WARN_UNINITIALIZED_AUTOS = YES_AGGRESSIVE;
				GCC_WARN_UNUSED_FUNCTION = YES;
				GCC_WARN_UNUSED_VARIABLE = YES;
				IPHONEOS_DEPLOYMENT_TARGET = 9.3;
				MTL_ENABLE_DEBUG_INFO = YES;
				ONLY_ACTIVE_ARCH = YES;
				SDKROOT = iphoneos;
				SWIFT_OPTIMIZATION_LEVEL = "-Onone";
			};
			name = Debug;
		};
		3001CEDE1D215DB8008E1F3C /* Release */ = {
			isa = XCBuildConfiguration;
			buildSettings = {
				ALWAYS_SEARCH_USER_PATHS = NO;
				CLANG_ANALYZER_NONNULL = YES;
				CLANG_CXX_LANGUAGE_STANDARD = "gnu++0x";
				CLANG_CXX_LIBRARY = "libc++";
				CLANG_ENABLE_MODULES = YES;
				CLANG_ENABLE_OBJC_ARC = YES;
				CLANG_WARN_BOOL_CONVERSION = YES;
				CLANG_WARN_CONSTANT_CONVERSION = YES;
				CLANG_WARN_DIRECT_OBJC_ISA_USAGE = YES_ERROR;
				CLANG_WARN_EMPTY_BODY = YES;
				CLANG_WARN_ENUM_CONVERSION = YES;
				CLANG_WARN_INT_CONVERSION = YES;
				CLANG_WARN_OBJC_ROOT_CLASS = YES_ERROR;
				CLANG_WARN_UNREACHABLE_CODE = YES;
				CLANG_WARN__DUPLICATE_METHOD_MATCH = YES;
				"CODE_SIGN_IDENTITY[sdk=iphoneos*]" = "iPhone Developer";
				COPY_PHASE_STRIP = NO;
				DEBUG_INFORMATION_FORMAT = "dwarf-with-dsym";
				ENABLE_NS_ASSERTIONS = NO;
				ENABLE_STRICT_OBJC_MSGSEND = YES;
				GCC_C_LANGUAGE_STANDARD = gnu99;
				GCC_NO_COMMON_BLOCKS = YES;
				GCC_WARN_64_TO_32_BIT_CONVERSION = YES;
				GCC_WARN_ABOUT_RETURN_TYPE = YES_ERROR;
				GCC_WARN_UNDECLARED_SELECTOR = YES;
				GCC_WARN_UNINITIALIZED_AUTOS = YES_AGGRESSIVE;
				GCC_WARN_UNUSED_FUNCTION = YES;
				GCC_WARN_UNUSED_VARIABLE = YES;
				IPHONEOS_DEPLOYMENT_TARGET = 9.3;
				MTL_ENABLE_DEBUG_INFO = NO;
				SDKROOT = iphoneos;
				VALIDATE_PRODUCT = YES;
			};
			name = Release;
		};
		3001CEE01D215DB8008E1F3C /* Debug */ = {
			isa = XCBuildConfiguration;
			baseConfigurationReference = F3CFFA788D80C50F96EA0D90 /* Pods-RxSwiftSample.debug.xcconfig */;
			buildSettings = {
				ASSETCATALOG_COMPILER_APPICON_NAME = AppIcon;
				INFOPLIST_FILE = RxSwiftSample/Info.plist;
				LD_RUNPATH_SEARCH_PATHS = "$(inherited) @executable_path/Frameworks";
				PRODUCT_BUNDLE_IDENTIFIER = "com.personal-factory.RxSwiftSample";
				PRODUCT_NAME = "$(TARGET_NAME)";
			};
			name = Debug;
		};
		3001CEE11D215DB8008E1F3C /* Release */ = {
			isa = XCBuildConfiguration;
			baseConfigurationReference = 4B794171AA8C2507C95ADC24 /* Pods-RxSwiftSample.release.xcconfig */;
			buildSettings = {
				ASSETCATALOG_COMPILER_APPICON_NAME = AppIcon;
				INFOPLIST_FILE = RxSwiftSample/Info.plist;
				LD_RUNPATH_SEARCH_PATHS = "$(inherited) @executable_path/Frameworks";
				PRODUCT_BUNDLE_IDENTIFIER = "com.personal-factory.RxSwiftSample";
				PRODUCT_NAME = "$(TARGET_NAME)";
			};
			name = Release;
		};
		3001CEE31D215DB8008E1F3C /* Debug */ = {
			isa = XCBuildConfiguration;
			baseConfigurationReference = 14B821B46FE27E98F90E813E /* Pods-RxSwiftSample-RxSwiftSampleTests.debug.xcconfig */;
			buildSettings = {
				BUNDLE_LOADER = "$(TEST_HOST)";
				INFOPLIST_FILE = RxSwiftSampleTests/Info.plist;
				LD_RUNPATH_SEARCH_PATHS = "$(inherited) @executable_path/Frameworks @loader_path/Frameworks";
				PRODUCT_BUNDLE_IDENTIFIER = "com.personal-factory.RxSwiftSampleTests";
				PRODUCT_NAME = "$(TARGET_NAME)";
				TEST_HOST = "$(BUILT_PRODUCTS_DIR)/RxSwiftSample.app/RxSwiftSample";
			};
			name = Debug;
		};
		3001CEE41D215DB8008E1F3C /* Release */ = {
			isa = XCBuildConfiguration;
			baseConfigurationReference = 4195591184B32DB656883D55 /* Pods-RxSwiftSample-RxSwiftSampleTests.release.xcconfig */;
			buildSettings = {
				BUNDLE_LOADER = "$(TEST_HOST)";
				INFOPLIST_FILE = RxSwiftSampleTests/Info.plist;
				LD_RUNPATH_SEARCH_PATHS = "$(inherited) @executable_path/Frameworks @loader_path/Frameworks";
				PRODUCT_BUNDLE_IDENTIFIER = "com.personal-factory.RxSwiftSampleTests";
				PRODUCT_NAME = "$(TARGET_NAME)";
				TEST_HOST = "$(BUILT_PRODUCTS_DIR)/RxSwiftSample.app/RxSwiftSample";
			};
			name = Release;
		};
		3001CEE61D215DB8008E1F3C /* Debug */ = {
			isa = XCBuildConfiguration;
			baseConfigurationReference = 88733DE63A68AF373CAD3743 /* Pods-RxSwiftSample-RxSwiftSampleUITests.debug.xcconfig */;
			buildSettings = {
				INFOPLIST_FILE = RxSwiftSampleUITests/Info.plist;
				LD_RUNPATH_SEARCH_PATHS = "$(inherited) @executable_path/Frameworks @loader_path/Frameworks";
				PRODUCT_BUNDLE_IDENTIFIER = "com.personal-factory.RxSwiftSampleUITests";
				PRODUCT_NAME = "$(TARGET_NAME)";
				TEST_TARGET_NAME = RxSwiftSample;
			};
			name = Debug;
		};
		3001CEE71D215DB8008E1F3C /* Release */ = {
			isa = XCBuildConfiguration;
			baseConfigurationReference = 78B5A74C0D651B21C996D3BB /* Pods-RxSwiftSample-RxSwiftSampleUITests.release.xcconfig */;
			buildSettings = {
				INFOPLIST_FILE = RxSwiftSampleUITests/Info.plist;
				LD_RUNPATH_SEARCH_PATHS = "$(inherited) @executable_path/Frameworks @loader_path/Frameworks";
				PRODUCT_BUNDLE_IDENTIFIER = "com.personal-factory.RxSwiftSampleUITests";
				PRODUCT_NAME = "$(TARGET_NAME)";
				TEST_TARGET_NAME = RxSwiftSample;
			};
			name = Release;
		};
/* End XCBuildConfiguration section */

/* Begin XCConfigurationList section */
		3001CEB21D215DB8008E1F3C /* Build configuration list for PBXProject "RxSwiftSample" */ = {
			isa = XCConfigurationList;
			buildConfigurations = (
				3001CEDD1D215DB8008E1F3C /* Debug */,
				3001CEDE1D215DB8008E1F3C /* Release */,
			);
			defaultConfigurationIsVisible = 0;
			defaultConfigurationName = Release;
		};
		3001CEDF1D215DB8008E1F3C /* Build configuration list for PBXNativeTarget "RxSwiftSample" */ = {
			isa = XCConfigurationList;
			buildConfigurations = (
				3001CEE01D215DB8008E1F3C /* Debug */,
				3001CEE11D215DB8008E1F3C /* Release */,
			);
			defaultConfigurationIsVisible = 0;
			defaultConfigurationName = Release;
		};
		3001CEE21D215DB8008E1F3C /* Build configuration list for PBXNativeTarget "RxSwiftSampleTests" */ = {
			isa = XCConfigurationList;
			buildConfigurations = (
				3001CEE31D215DB8008E1F3C /* Debug */,
				3001CEE41D215DB8008E1F3C /* Release */,
			);
			defaultConfigurationIsVisible = 0;
			defaultConfigurationName = Release;
		};
		3001CEE51D215DB8008E1F3C /* Build configuration list for PBXNativeTarget "RxSwiftSampleUITests" */ = {
			isa = XCConfigurationList;
			buildConfigurations = (
				3001CEE61D215DB8008E1F3C /* Debug */,
				3001CEE71D215DB8008E1F3C /* Release */,
			);
			defaultConfigurationIsVisible = 0;
			defaultConfigurationName = Release;
		};
/* End XCConfigurationList section */
	};
	rootObject = 3001CEAF1D215DB8008E1F3C /* Project object */;
}
